// !$*UTF8*$!
{
	archiveVersion = 1;
	classes = {
	};
	objectVersion = 52;
	objects = {

/* Begin PBXBuildFile section */
		860CEE922411687F00B2A708 /* String+Extensions.swift in Sources */ = {isa = PBXBuildFile; fileRef = 860CEE912411687F00B2A708 /* String+Extensions.swift */; };
		860CEE9724116A7900B2A708 /* NSObject+Extensions.swift in Sources */ = {isa = PBXBuildFile; fileRef = 860CEE9624116A7900B2A708 /* NSObject+Extensions.swift */; };
		860CEE9924116FE600B2A708 /* KeychainManager.swift in Sources */ = {isa = PBXBuildFile; fileRef = 860CEE9824116FE600B2A708 /* KeychainManager.swift */; };
		860CEE9C2411729300B2A708 /* KeychainAccess in Frameworks */ = {isa = PBXBuildFile; productRef = 860CEE9B2411729300B2A708 /* KeychainAccess */; };
		865881652430AAA80039162D /* Environment.swift in Sources */ = {isa = PBXBuildFile; fileRef = 865881642430AAA80039162D /* Environment.swift */; };
		86668315240EADD6002B7D46 /* StringEditorFrameworkTests.swift in Sources */ = {isa = PBXBuildFile; fileRef = 86668314240EADD6002B7D46 /* StringEditorFrameworkTests.swift */; };
		86668317240EADD6002B7D46 /* StringEditorFramework.h in Headers */ = {isa = PBXBuildFile; fileRef = 86668309240EADD6002B7D46 /* StringEditorFramework.h */; settings = {ATTRIBUTES = (Public, ); }; };
		86668323240EADF4002B7D46 /* URLRequest+Extensions.swift in Sources */ = {isa = PBXBuildFile; fileRef = 86668321240EADF4002B7D46 /* URLRequest+Extensions.swift */; };
		86668324240EADF4002B7D46 /* Swift+Extensions.swift in Sources */ = {isa = PBXBuildFile; fileRef = 86668322240EADF4002B7D46 /* Swift+Extensions.swift */; };
		86668327240EAE03002B7D46 /* RepositoryCommit.swift in Sources */ = {isa = PBXBuildFile; fileRef = 86668326240EAE03002B7D46 /* RepositoryCommit.swift */; };
		8666832B240EAE0C002B7D46 /* EndpointType.swift in Sources */ = {isa = PBXBuildFile; fileRef = 86668329240EAE0C002B7D46 /* EndpointType.swift */; };
		8666832C240EAE0C002B7D46 /* Endpoint.swift in Sources */ = {isa = PBXBuildFile; fileRef = 8666832A240EAE0C002B7D46 /* Endpoint.swift */; };
		8666832F240EAE13002B7D46 /* BitbucketManager.swift in Sources */ = {isa = PBXBuildFile; fileRef = 8666832E240EAE13002B7D46 /* BitbucketManager.swift */; };
		866A89102415616600F686C4 /* NSTextField+Extensions.swift in Sources */ = {isa = PBXBuildFile; fileRef = 866A890F2415616600F686C4 /* NSTextField+Extensions.swift */; };
		866A89122415AC8400F686C4 /* UserDefaults+Extensions.swift in Sources */ = {isa = PBXBuildFile; fileRef = 866A89112415AC8400F686C4 /* UserDefaults+Extensions.swift */; };
		86ECFC00240EEEAC001F2DF8 /* StringEditorFramework.framework in Frameworks */ = {isa = PBXBuildFile; fileRef = 86668306240EADD6002B7D46 /* StringEditorFramework.framework */; };
/* End PBXBuildFile section */

/* Begin PBXContainerItemProxy section */
		86668311240EADD6002B7D46 /* PBXContainerItemProxy */ = {
			isa = PBXContainerItemProxy;
			containerPortal = 866682FD240EADD6002B7D46 /* Project object */;
			proxyType = 1;
			remoteGlobalIDString = 86668305240EADD6002B7D46;
			remoteInfo = StringEditorFramework;
		};
/* End PBXContainerItemProxy section */

/* Begin PBXCopyFilesBuildPhase section */
		8668FE6F24309B6A00CBB05E /* Embed Frameworks */ = {
			isa = PBXCopyFilesBuildPhase;
			buildActionMask = 2147483647;
			dstPath = "";
			dstSubfolderSpec = 10;
			files = (
			);
			name = "Embed Frameworks";
			runOnlyForDeploymentPostprocessing = 0;
		};
/* End PBXCopyFilesBuildPhase section */

/* Begin PBXFileReference section */
		860CEE912411687F00B2A708 /* String+Extensions.swift */ = {isa = PBXFileReference; lastKnownFileType = sourcecode.swift; path = "String+Extensions.swift"; sourceTree = "<group>"; };
		860CEE9624116A7900B2A708 /* NSObject+Extensions.swift */ = {isa = PBXFileReference; lastKnownFileType = sourcecode.swift; path = "NSObject+Extensions.swift"; sourceTree = "<group>"; };
		860CEE9824116FE600B2A708 /* KeychainManager.swift */ = {isa = PBXFileReference; lastKnownFileType = sourcecode.swift; path = KeychainManager.swift; sourceTree = "<group>"; };
		865881642430AAA80039162D /* Environment.swift */ = {isa = PBXFileReference; lastKnownFileType = sourcecode.swift; path = Environment.swift; sourceTree = "<group>"; };
		86668306240EADD6002B7D46 /* StringEditorFramework.framework */ = {isa = PBXFileReference; explicitFileType = wrapper.framework; includeInIndex = 0; path = StringEditorFramework.framework; sourceTree = BUILT_PRODUCTS_DIR; };
		86668309240EADD6002B7D46 /* StringEditorFramework.h */ = {isa = PBXFileReference; lastKnownFileType = sourcecode.c.h; path = StringEditorFramework.h; sourceTree = "<group>"; };
		8666830A240EADD6002B7D46 /* Info.plist */ = {isa = PBXFileReference; lastKnownFileType = text.plist.xml; path = Info.plist; sourceTree = "<group>"; };
		8666830F240EADD6002B7D46 /* StringEditorFrameworkTests.xctest */ = {isa = PBXFileReference; explicitFileType = wrapper.cfbundle; includeInIndex = 0; path = StringEditorFrameworkTests.xctest; sourceTree = BUILT_PRODUCTS_DIR; };
		86668314240EADD6002B7D46 /* StringEditorFrameworkTests.swift */ = {isa = PBXFileReference; lastKnownFileType = sourcecode.swift; path = StringEditorFrameworkTests.swift; sourceTree = "<group>"; };
		86668316240EADD6002B7D46 /* Info.plist */ = {isa = PBXFileReference; lastKnownFileType = text.plist.xml; path = Info.plist; sourceTree = "<group>"; };
		86668321240EADF4002B7D46 /* URLRequest+Extensions.swift */ = {isa = PBXFileReference; fileEncoding = 4; lastKnownFileType = sourcecode.swift; path = "URLRequest+Extensions.swift"; sourceTree = "<group>"; };
		86668322240EADF4002B7D46 /* Swift+Extensions.swift */ = {isa = PBXFileReference; fileEncoding = 4; lastKnownFileType = sourcecode.swift; path = "Swift+Extensions.swift"; sourceTree = "<group>"; };
		86668326240EAE03002B7D46 /* RepositoryCommit.swift */ = {isa = PBXFileReference; fileEncoding = 4; lastKnownFileType = sourcecode.swift; path = RepositoryCommit.swift; sourceTree = "<group>"; };
		86668329240EAE0C002B7D46 /* EndpointType.swift */ = {isa = PBXFileReference; fileEncoding = 4; lastKnownFileType = sourcecode.swift; path = EndpointType.swift; sourceTree = "<group>"; };
		8666832A240EAE0C002B7D46 /* Endpoint.swift */ = {isa = PBXFileReference; fileEncoding = 4; lastKnownFileType = sourcecode.swift; path = Endpoint.swift; sourceTree = "<group>"; };
		8666832E240EAE13002B7D46 /* BitbucketManager.swift */ = {isa = PBXFileReference; fileEncoding = 4; lastKnownFileType = sourcecode.swift; path = BitbucketManager.swift; sourceTree = "<group>"; };
		866A890F2415616600F686C4 /* NSTextField+Extensions.swift */ = {isa = PBXFileReference; lastKnownFileType = sourcecode.swift; path = "NSTextField+Extensions.swift"; sourceTree = "<group>"; };
		866A89112415AC8400F686C4 /* UserDefaults+Extensions.swift */ = {isa = PBXFileReference; lastKnownFileType = sourcecode.swift; path = "UserDefaults+Extensions.swift"; sourceTree = "<group>"; };
/* End PBXFileReference section */

/* Begin PBXFrameworksBuildPhase section */
		86668303240EADD6002B7D46 /* Frameworks */ = {
			isa = PBXFrameworksBuildPhase;
			buildActionMask = 2147483647;
			files = (
				860CEE9C2411729300B2A708 /* KeychainAccess in Frameworks */,
			);
			runOnlyForDeploymentPostprocessing = 0;
		};
		8666830C240EADD6002B7D46 /* Frameworks */ = {
			isa = PBXFrameworksBuildPhase;
			buildActionMask = 2147483647;
			files = (
				86ECFC00240EEEAC001F2DF8 /* StringEditorFramework.framework in Frameworks */,
			);
			runOnlyForDeploymentPostprocessing = 0;
		};
/* End PBXFrameworksBuildPhase section */

/* Begin PBXGroup section */
		866682FC240EADD6002B7D46 = {
			isa = PBXGroup;
			children = (
				86668320240EADF4002B7D46 /* Extensions */,
				86668325240EAE03002B7D46 /* Models */,
				86668328240EAE0C002B7D46 /* NetworkingLayer */,
				8666832D240EAE13002B7D46 /* Authentication */,
				86668308240EADD6002B7D46 /* StringEditorFramework */,
				86668313240EADD6002B7D46 /* StringEditorFrameworkTests */,
				86668307240EADD6002B7D46 /* Products */,
			);
			sourceTree = "<group>";
		};
		86668307240EADD6002B7D46 /* Products */ = {
			isa = PBXGroup;
			children = (
				86668306240EADD6002B7D46 /* StringEditorFramework.framework */,
				8666830F240EADD6002B7D46 /* StringEditorFrameworkTests.xctest */,
			);
			name = Products;
			sourceTree = "<group>";
		};
		86668308240EADD6002B7D46 /* StringEditorFramework */ = {
			isa = PBXGroup;
			children = (
				86668309240EADD6002B7D46 /* StringEditorFramework.h */,
				8666830A240EADD6002B7D46 /* Info.plist */,
			);
			path = StringEditorFramework;
			sourceTree = "<group>";
		};
		86668313240EADD6002B7D46 /* StringEditorFrameworkTests */ = {
			isa = PBXGroup;
			children = (
				86668314240EADD6002B7D46 /* StringEditorFrameworkTests.swift */,
				86668316240EADD6002B7D46 /* Info.plist */,
			);
			path = StringEditorFrameworkTests;
			sourceTree = "<group>";
		};
		86668320240EADF4002B7D46 /* Extensions */ = {
			isa = PBXGroup;
			children = (
				86668321240EADF4002B7D46 /* URLRequest+Extensions.swift */,
				866A89112415AC8400F686C4 /* UserDefaults+Extensions.swift */,
				86668322240EADF4002B7D46 /* Swift+Extensions.swift */,
				860CEE912411687F00B2A708 /* String+Extensions.swift */,
				860CEE9624116A7900B2A708 /* NSObject+Extensions.swift */,
				866A890F2415616600F686C4 /* NSTextField+Extensions.swift */,
			);
			path = Extensions;
			sourceTree = "<group>";
		};
		86668325240EAE03002B7D46 /* Models */ = {
			isa = PBXGroup;
			children = (
				86668326240EAE03002B7D46 /* RepositoryCommit.swift */,
			);
			path = Models;
			sourceTree = "<group>";
		};
		86668328240EAE0C002B7D46 /* NetworkingLayer */ = {
			isa = PBXGroup;
			children = (
				86668329240EAE0C002B7D46 /* EndpointType.swift */,
				8666832A240EAE0C002B7D46 /* Endpoint.swift */,
				865881642430AAA80039162D /* Environment.swift */,
			);
			path = NetworkingLayer;
			sourceTree = "<group>";
		};
		8666832D240EAE13002B7D46 /* Authentication */ = {
			isa = PBXGroup;
			children = (
				8666832E240EAE13002B7D46 /* BitbucketManager.swift */,
				860CEE9824116FE600B2A708 /* KeychainManager.swift */,
			);
			path = Authentication;
			sourceTree = "<group>";
		};
/* End PBXGroup section */

/* Begin PBXHeadersBuildPhase section */
		86668301240EADD6002B7D46 /* Headers */ = {
			isa = PBXHeadersBuildPhase;
			buildActionMask = 2147483647;
			files = (
				86668317240EADD6002B7D46 /* StringEditorFramework.h in Headers */,
			);
			runOnlyForDeploymentPostprocessing = 0;
		};
/* End PBXHeadersBuildPhase section */

/* Begin PBXNativeTarget section */
		86668305240EADD6002B7D46 /* StringEditorFramework */ = {
			isa = PBXNativeTarget;
			buildConfigurationList = 8666831A240EADD6002B7D46 /* Build configuration list for PBXNativeTarget "StringEditorFramework" */;
			buildPhases = (
				86668301240EADD6002B7D46 /* Headers */,
				86668302240EADD6002B7D46 /* Sources */,
				86668303240EADD6002B7D46 /* Frameworks */,
				86668304240EADD6002B7D46 /* Resources */,
				8668FE6F24309B6A00CBB05E /* Embed Frameworks */,
			);
			buildRules = (
			);
			dependencies = (
			);
			name = StringEditorFramework;
			packageProductDependencies = (
				860CEE9B2411729300B2A708 /* KeychainAccess */,
			);
			productName = StringEditorFramework;
			productReference = 86668306240EADD6002B7D46 /* StringEditorFramework.framework */;
			productType = "com.apple.product-type.framework";
		};
		8666830E240EADD6002B7D46 /* StringEditorFrameworkTests */ = {
			isa = PBXNativeTarget;
			buildConfigurationList = 8666831D240EADD6002B7D46 /* Build configuration list for PBXNativeTarget "StringEditorFrameworkTests" */;
			buildPhases = (
				8666830B240EADD6002B7D46 /* Sources */,
				8666830C240EADD6002B7D46 /* Frameworks */,
				8666830D240EADD6002B7D46 /* Resources */,
			);
			buildRules = (
			);
			dependencies = (
				86668312240EADD6002B7D46 /* PBXTargetDependency */,
			);
			name = StringEditorFrameworkTests;
			productName = StringEditorFrameworkTests;
			productReference = 8666830F240EADD6002B7D46 /* StringEditorFrameworkTests.xctest */;
			productType = "com.apple.product-type.bundle.unit-test";
		};
/* End PBXNativeTarget section */

/* Begin PBXProject section */
		866682FD240EADD6002B7D46 /* Project object */ = {
			isa = PBXProject;
			attributes = {
				LastSwiftUpdateCheck = 1130;
				LastUpgradeCheck = 1130;
				ORGANIZATIONNAME = "Henry Cooper";
				TargetAttributes = {
					86668305240EADD6002B7D46 = {
						CreatedOnToolsVersion = 11.3;
					};
					8666830E240EADD6002B7D46 = {
						CreatedOnToolsVersion = 11.3;
					};
				};
			};
			buildConfigurationList = 86668300240EADD6002B7D46 /* Build configuration list for PBXProject "StringEditorFramework" */;
			compatibilityVersion = "Xcode 9.3";
			developmentRegion = en;
			hasScannedForEncodings = 0;
			knownRegions = (
				en,
				Base,
			);
			mainGroup = 866682FC240EADD6002B7D46;
			packageReferences = (
				860CEE9A2411729300B2A708 /* XCRemoteSwiftPackageReference "KeychainAccess" */,
			);
			productRefGroup = 86668307240EADD6002B7D46 /* Products */;
			projectDirPath = "";
			projectRoot = "";
			targets = (
				86668305240EADD6002B7D46 /* StringEditorFramework */,
				8666830E240EADD6002B7D46 /* StringEditorFrameworkTests */,
			);
		};
/* End PBXProject section */

/* Begin PBXResourcesBuildPhase section */
		86668304240EADD6002B7D46 /* Resources */ = {
			isa = PBXResourcesBuildPhase;
			buildActionMask = 2147483647;
			files = (
			);
			runOnlyForDeploymentPostprocessing = 0;
		};
		8666830D240EADD6002B7D46 /* Resources */ = {
			isa = PBXResourcesBuildPhase;
			buildActionMask = 2147483647;
			files = (
			);
			runOnlyForDeploymentPostprocessing = 0;
		};
/* End PBXResourcesBuildPhase section */

/* Begin PBXSourcesBuildPhase section */
		86668302240EADD6002B7D46 /* Sources */ = {
			isa = PBXSourcesBuildPhase;
			buildActionMask = 2147483647;
			files = (
				8666832B240EAE0C002B7D46 /* EndpointType.swift in Sources */,
				865881652430AAA80039162D /* Environment.swift in Sources */,
				860CEE922411687F00B2A708 /* String+Extensions.swift in Sources */,
				8666832F240EAE13002B7D46 /* BitbucketManager.swift in Sources */,
				86668323240EADF4002B7D46 /* URLRequest+Extensions.swift in Sources */,
				860CEE9924116FE600B2A708 /* KeychainManager.swift in Sources */,
				86668324240EADF4002B7D46 /* Swift+Extensions.swift in Sources */,
				86668327240EAE03002B7D46 /* RepositoryCommit.swift in Sources */,
				8666832C240EAE0C002B7D46 /* Endpoint.swift in Sources */,
				866A89122415AC8400F686C4 /* UserDefaults+Extensions.swift in Sources */,
				866A89102415616600F686C4 /* NSTextField+Extensions.swift in Sources */,
				860CEE9724116A7900B2A708 /* NSObject+Extensions.swift in Sources */,
			);
			runOnlyForDeploymentPostprocessing = 0;
		};
		8666830B240EADD6002B7D46 /* Sources */ = {
			isa = PBXSourcesBuildPhase;
			buildActionMask = 2147483647;
			files = (
				86668315240EADD6002B7D46 /* StringEditorFrameworkTests.swift in Sources */,
			);
			runOnlyForDeploymentPostprocessing = 0;
		};
/* End PBXSourcesBuildPhase section */

/* Begin PBXTargetDependency section */
		86668312240EADD6002B7D46 /* PBXTargetDependency */ = {
			isa = PBXTargetDependency;
			target = 86668305240EADD6002B7D46 /* StringEditorFramework */;
			targetProxy = 86668311240EADD6002B7D46 /* PBXContainerItemProxy */;
		};
/* End PBXTargetDependency section */

/* Begin XCBuildConfiguration section */
		86668318240EADD6002B7D46 /* Debug */ = {
			isa = XCBuildConfiguration;
			buildSettings = {
				ALWAYS_SEARCH_USER_PATHS = NO;
				CLANG_ANALYZER_NONNULL = YES;
				CLANG_ANALYZER_NUMBER_OBJECT_CONVERSION = YES_AGGRESSIVE;
				CLANG_CXX_LANGUAGE_STANDARD = "gnu++14";
				CLANG_CXX_LIBRARY = "libc++";
				CLANG_ENABLE_MODULES = YES;
				CLANG_ENABLE_OBJC_ARC = YES;
				CLANG_ENABLE_OBJC_WEAK = YES;
				CLANG_WARN_BLOCK_CAPTURE_AUTORELEASING = YES;
				CLANG_WARN_BOOL_CONVERSION = YES;
				CLANG_WARN_COMMA = YES;
				CLANG_WARN_CONSTANT_CONVERSION = YES;
				CLANG_WARN_DEPRECATED_OBJC_IMPLEMENTATIONS = YES;
				CLANG_WARN_DIRECT_OBJC_ISA_USAGE = YES_ERROR;
				CLANG_WARN_DOCUMENTATION_COMMENTS = YES;
				CLANG_WARN_EMPTY_BODY = YES;
				CLANG_WARN_ENUM_CONVERSION = YES;
				CLANG_WARN_INFINITE_RECURSION = YES;
				CLANG_WARN_INT_CONVERSION = YES;
				CLANG_WARN_NON_LITERAL_NULL_CONVERSION = YES;
				CLANG_WARN_OBJC_IMPLICIT_RETAIN_SELF = YES;
				CLANG_WARN_OBJC_LITERAL_CONVERSION = YES;
				CLANG_WARN_OBJC_ROOT_CLASS = YES_ERROR;
				CLANG_WARN_RANGE_LOOP_ANALYSIS = YES;
				CLANG_WARN_STRICT_PROTOTYPES = YES;
				CLANG_WARN_SUSPICIOUS_MOVE = YES;
				CLANG_WARN_UNGUARDED_AVAILABILITY = YES_AGGRESSIVE;
				CLANG_WARN_UNREACHABLE_CODE = YES;
				CLANG_WARN__DUPLICATE_METHOD_MATCH = YES;
				COPY_PHASE_STRIP = NO;
				CURRENT_PROJECT_VERSION = 1;
				DEBUG_INFORMATION_FORMAT = dwarf;
				ENABLE_STRICT_OBJC_MSGSEND = YES;
				ENABLE_TESTABILITY = YES;
				GCC_C_LANGUAGE_STANDARD = gnu11;
				GCC_DYNAMIC_NO_PIC = NO;
				GCC_NO_COMMON_BLOCKS = YES;
				GCC_OPTIMIZATION_LEVEL = 0;
				GCC_PREPROCESSOR_DEFINITIONS = (
					"DEBUG=1",
					"$(inherited)",
				);
				GCC_WARN_64_TO_32_BIT_CONVERSION = YES;
				GCC_WARN_ABOUT_RETURN_TYPE = YES_ERROR;
				GCC_WARN_UNDECLARED_SELECTOR = YES;
				GCC_WARN_UNINITIALIZED_AUTOS = YES_AGGRESSIVE;
				GCC_WARN_UNUSED_FUNCTION = YES;
				GCC_WARN_UNUSED_VARIABLE = YES;
				MACOSX_DEPLOYMENT_TARGET = 10.15;
				MTL_ENABLE_DEBUG_INFO = INCLUDE_SOURCE;
				MTL_FAST_MATH = YES;
				ONLY_ACTIVE_ARCH = YES;
				SDKROOT = macosx;
				SWIFT_ACTIVE_COMPILATION_CONDITIONS = "DEBUG DEV";
				SWIFT_OPTIMIZATION_LEVEL = "-Onone";
				VERSIONING_SYSTEM = "apple-generic";
				VERSION_INFO_PREFIX = "";
			};
			name = Debug;
		};
		86668319240EADD6002B7D46 /* Release */ = {
			isa = XCBuildConfiguration;
			buildSettings = {
				ALWAYS_SEARCH_USER_PATHS = NO;
				CLANG_ANALYZER_NONNULL = YES;
				CLANG_ANALYZER_NUMBER_OBJECT_CONVERSION = YES_AGGRESSIVE;
				CLANG_CXX_LANGUAGE_STANDARD = "gnu++14";
				CLANG_CXX_LIBRARY = "libc++";
				CLANG_ENABLE_MODULES = YES;
				CLANG_ENABLE_OBJC_ARC = YES;
				CLANG_ENABLE_OBJC_WEAK = YES;
				CLANG_WARN_BLOCK_CAPTURE_AUTORELEASING = YES;
				CLANG_WARN_BOOL_CONVERSION = YES;
				CLANG_WARN_COMMA = YES;
				CLANG_WARN_CONSTANT_CONVERSION = YES;
				CLANG_WARN_DEPRECATED_OBJC_IMPLEMENTATIONS = YES;
				CLANG_WARN_DIRECT_OBJC_ISA_USAGE = YES_ERROR;
				CLANG_WARN_DOCUMENTATION_COMMENTS = YES;
				CLANG_WARN_EMPTY_BODY = YES;
				CLANG_WARN_ENUM_CONVERSION = YES;
				CLANG_WARN_INFINITE_RECURSION = YES;
				CLANG_WARN_INT_CONVERSION = YES;
				CLANG_WARN_NON_LITERAL_NULL_CONVERSION = YES;
				CLANG_WARN_OBJC_IMPLICIT_RETAIN_SELF = YES;
				CLANG_WARN_OBJC_LITERAL_CONVERSION = YES;
				CLANG_WARN_OBJC_ROOT_CLASS = YES_ERROR;
				CLANG_WARN_RANGE_LOOP_ANALYSIS = YES;
				CLANG_WARN_STRICT_PROTOTYPES = YES;
				CLANG_WARN_SUSPICIOUS_MOVE = YES;
				CLANG_WARN_UNGUARDED_AVAILABILITY = YES_AGGRESSIVE;
				CLANG_WARN_UNREACHABLE_CODE = YES;
				CLANG_WARN__DUPLICATE_METHOD_MATCH = YES;
				COPY_PHASE_STRIP = NO;
				CURRENT_PROJECT_VERSION = 1;
				DEBUG_INFORMATION_FORMAT = "dwarf-with-dsym";
				ENABLE_NS_ASSERTIONS = NO;
				ENABLE_STRICT_OBJC_MSGSEND = YES;
				GCC_C_LANGUAGE_STANDARD = gnu11;
				GCC_NO_COMMON_BLOCKS = YES;
				GCC_WARN_64_TO_32_BIT_CONVERSION = YES;
				GCC_WARN_ABOUT_RETURN_TYPE = YES_ERROR;
				GCC_WARN_UNDECLARED_SELECTOR = YES;
				GCC_WARN_UNINITIALIZED_AUTOS = YES_AGGRESSIVE;
				GCC_WARN_UNUSED_FUNCTION = YES;
				GCC_WARN_UNUSED_VARIABLE = YES;
				MACOSX_DEPLOYMENT_TARGET = 10.15;
				MTL_ENABLE_DEBUG_INFO = NO;
				MTL_FAST_MATH = YES;
				SDKROOT = macosx;
				SWIFT_COMPILATION_MODE = wholemodule;
				SWIFT_OPTIMIZATION_LEVEL = "-O";
				VERSIONING_SYSTEM = "apple-generic";
				VERSION_INFO_PREFIX = "";
			};
			name = Release;
		};
		8666831B240EADD6002B7D46 /* Debug */ = {
			isa = XCBuildConfiguration;
			buildSettings = {
				CODE_SIGN_STYLE = Automatic;
				COMBINE_HIDPI_IMAGES = YES;
				DEFINES_MODULE = YES;
				DEVELOPMENT_TEAM = 89H8N24D6B;
				DYLIB_COMPATIBILITY_VERSION = 1;
				DYLIB_CURRENT_VERSION = 1;
				DYLIB_INSTALL_NAME_BASE = "@rpath";
				INFOPLIST_FILE = StringEditorFramework/Info.plist;
				INSTALL_PATH = "$(LOCAL_LIBRARY_DIR)/Frameworks";
				LD_RUNPATH_SEARCH_PATHS = (
					"$(inherited)",
					"@executable_path/../Frameworks",
					"@loader_path/Frameworks",
				);
				MACOSX_DEPLOYMENT_TARGET = 10.14;
				PRODUCT_BUNDLE_IDENTIFIER = com.SixEye.StringEditorFramework;
				PRODUCT_NAME = "$(TARGET_NAME:c99extidentifier)";
				SKIP_INSTALL = YES;
				SWIFT_VERSION = 5.0;
			};
			name = Debug;
		};
		8666831C240EADD6002B7D46 /* Release */ = {
			isa = XCBuildConfiguration;
			buildSettings = {
				CODE_SIGN_STYLE = Automatic;
				COMBINE_HIDPI_IMAGES = YES;
				DEFINES_MODULE = YES;
				DEVELOPMENT_TEAM = 89H8N24D6B;
				DYLIB_COMPATIBILITY_VERSION = 1;
				DYLIB_CURRENT_VERSION = 1;
				DYLIB_INSTALL_NAME_BASE = "@rpath";
				INFOPLIST_FILE = StringEditorFramework/Info.plist;
				INSTALL_PATH = "$(LOCAL_LIBRARY_DIR)/Frameworks";
				LD_RUNPATH_SEARCH_PATHS = (
					"$(inherited)",
					"@executable_path/../Frameworks",
					"@loader_path/Frameworks",
				);
				MACOSX_DEPLOYMENT_TARGET = 10.14;
				PRODUCT_BUNDLE_IDENTIFIER = com.SixEye.StringEditorFramework;
				PRODUCT_NAME = "$(TARGET_NAME:c99extidentifier)";
				SKIP_INSTALL = YES;
				SWIFT_VERSION = 5.0;
			};
			name = Release;
		};
		8666831E240EADD6002B7D46 /* Debug */ = {
			isa = XCBuildConfiguration;
			buildSettings = {
				ALWAYS_EMBED_SWIFT_STANDARD_LIBRARIES = YES;
				CODE_SIGN_STYLE = Automatic;
				COMBINE_HIDPI_IMAGES = YES;
				DEVELOPMENT_TEAM = 89H8N24D6B;
				INFOPLIST_FILE = StringEditorFrameworkTests/Info.plist;
				LD_RUNPATH_SEARCH_PATHS = (
					"$(inherited)",
					"@executable_path/../Frameworks",
					"@loader_path/../Frameworks",
				);
				PRODUCT_BUNDLE_IDENTIFIER = com.SixEye.StringEditorFrameworkTests;
				PRODUCT_NAME = "$(TARGET_NAME)";
				SWIFT_VERSION = 5.0;
			};
			name = Debug;
		};
		8666831F240EADD6002B7D46 /* Release */ = {
			isa = XCBuildConfiguration;
			buildSettings = {
				ALWAYS_EMBED_SWIFT_STANDARD_LIBRARIES = YES;
				CODE_SIGN_STYLE = Automatic;
				COMBINE_HIDPI_IMAGES = YES;
				DEVELOPMENT_TEAM = 89H8N24D6B;
				INFOPLIST_FILE = StringEditorFrameworkTests/Info.plist;
				LD_RUNPATH_SEARCH_PATHS = (
					"$(inherited)",
					"@executable_path/../Frameworks",
					"@loader_path/../Frameworks",
				);
				PRODUCT_BUNDLE_IDENTIFIER = com.SixEye.StringEditorFrameworkTests;
				PRODUCT_NAME = "$(TARGET_NAME)";
				SWIFT_VERSION = 5.0;
			};
			name = Release;
		};
/* End XCBuildConfiguration section */

/* Begin XCConfigurationList section */
		86668300240EADD6002B7D46 /* Build configuration list for PBXProject "StringEditorFramework" */ = {
			isa = XCConfigurationList;
			buildConfigurations = (
				86668318240EADD6002B7D46 /* Debug */,
				86668319240EADD6002B7D46 /* Release */,
			);
			defaultConfigurationIsVisible = 0;
			defaultConfigurationName = Release;
		};
		8666831A240EADD6002B7D46 /* Build configuration list for PBXNativeTarget "StringEditorFramework" */ = {
			isa = XCConfigurationList;
			buildConfigurations = (
				8666831B240EADD6002B7D46 /* Debug */,
				8666831C240EADD6002B7D46 /* Release */,
			);
			defaultConfigurationIsVisible = 0;
			defaultConfigurationName = Release;
		};
		8666831D240EADD6002B7D46 /* Build configuration list for PBXNativeTarget "StringEditorFrameworkTests" */ = {
			isa = XCConfigurationList;
			buildConfigurations = (
				8666831E240EADD6002B7D46 /* Debug */,
				8666831F240EADD6002B7D46 /* Release */,
			);
			defaultConfigurationIsVisible = 0;
			defaultConfigurationName = Release;
		};
/* End XCConfigurationList section */

/* Begin XCRemoteSwiftPackageReference section */
		860CEE9A2411729300B2A708 /* XCRemoteSwiftPackageReference "KeychainAccess" */ = {
			isa = XCRemoteSwiftPackageReference;
			repositoryURL = "https://github.com/kishikawakatsumi/KeychainAccess";
			requirement = {
				kind = upToNextMajorVersion;
				minimumVersion = 4.1.0;
			};
		};
/* End XCRemoteSwiftPackageReference section */

/* Begin XCSwiftPackageProductDependency section */
		860CEE9B2411729300B2A708 /* KeychainAccess */ = {
			isa = XCSwiftPackageProductDependency;
			package = 860CEE9A2411729300B2A708 /* XCRemoteSwiftPackageReference "KeychainAccess" */;
			productName = KeychainAccess;
		};
/* End XCSwiftPackageProductDependency section */
	};
	rootObject = 866682FD240EADD6002B7D46 /* Project object */;
}
